// !$*UTF8*$!
{
	archiveVersion = 1;
	classes = {
	};
	objectVersion = 50;
	objects = {

/* Begin PBXBuildFile section */
		BE023340227A9060006F3E7E /* CarbonSinkPhotosViewController.swift in Sources */ = {isa = PBXBuildFile; fileRef = BE02333F227A9060006F3E7E /* CarbonSinkPhotosViewController.swift */; };
		BE023342227A9076006F3E7E /* CarbonSinkMapViewController.swift in Sources */ = {isa = PBXBuildFile; fileRef = BE023341227A9076006F3E7E /* CarbonSinkMapViewController.swift */; };
		BE023344227A9091006F3E7E /* CarbonSinkDataViewController.swift in Sources */ = {isa = PBXBuildFile; fileRef = BE023343227A9091006F3E7E /* CarbonSinkDataViewController.swift */; };
		BE02334E227B714E006F3E7E /* SiteEntityHolder.swift in Sources */ = {isa = PBXBuildFile; fileRef = BE02334D227B714E006F3E7E /* SiteEntityHolder.swift */; };
		BE023350227B719F006F3E7E /* SiteEntitiesHolder.swift in Sources */ = {isa = PBXBuildFile; fileRef = BE02334F227B719F006F3E7E /* SiteEntitiesHolder.swift */; };
		BE023352227B720E006F3E7E /* NotebookEntityHolder.swift in Sources */ = {isa = PBXBuildFile; fileRef = BE023351227B720E006F3E7E /* NotebookEntityHolder.swift */; };
		BE023354227B7EBF006F3E7E /* CarbonSinkDataNavigationController.swift in Sources */ = {isa = PBXBuildFile; fileRef = BE023353227B7EBF006F3E7E /* CarbonSinkDataNavigationController.swift */; };
		BE023356227B7ED6006F3E7E /* CarbonSinkMapNavigationController.swift in Sources */ = {isa = PBXBuildFile; fileRef = BE023355227B7ED6006F3E7E /* CarbonSinkMapNavigationController.swift */; };
		BE023358227B7EE2006F3E7E /* CarbonSinkPhotosNavigationController.swift in Sources */ = {isa = PBXBuildFile; fileRef = BE023357227B7EE2006F3E7E /* CarbonSinkPhotosNavigationController.swift */; };
		BE15987522811B5500C9978C /* uti_44.png in Resources */ = {isa = PBXBuildFile; fileRef = BE15987122811B5500C9978C /* uti_44.png */; };
		BE15987622811B5500C9978C /* uti_320.png in Resources */ = {isa = PBXBuildFile; fileRef = BE15987222811B5500C9978C /* uti_320.png */; };
		BE15987722811B5500C9978C /* uti_20.png in Resources */ = {isa = PBXBuildFile; fileRef = BE15987322811B5500C9978C /* uti_20.png */; };
		BE15987822811B5500C9978C /* uti_64.png in Resources */ = {isa = PBXBuildFile; fileRef = BE15987422811B5500C9978C /* uti_64.png */; };
		BE2D2FD62236F8C800CBE228 /* AppDelegate.swift in Sources */ = {isa = PBXBuildFile; fileRef = BE2D2FD52236F8C800CBE228 /* AppDelegate.swift */; };
		BE2D2FDB2236F8C800CBE228 /* Notebook.storyboard in Resources */ = {isa = PBXBuildFile; fileRef = BE2D2FD92236F8C800CBE228 /* Notebook.storyboard */; };
		BE2D2FDD2236F8C900CBE228 /* Assets.xcassets in Resources */ = {isa = PBXBuildFile; fileRef = BE2D2FDC2236F8C900CBE228 /* Assets.xcassets */; };
		BE2D2FE02236F8C900CBE228 /* LaunchScreen.storyboard in Resources */ = {isa = PBXBuildFile; fileRef = BE2D2FDE2236F8C900CBE228 /* LaunchScreen.storyboard */; };
		BE2D2FEB2236F8C900CBE228 /* EcoDatumIOSAppTests.swift in Sources */ = {isa = PBXBuildFile; fileRef = BE2D2FEA2236F8C900CBE228 /* EcoDatumIOSAppTests.swift */; };
		BE2D2FF62236F8C900CBE228 /* EcoDatumIOSAppUITests.swift in Sources */ = {isa = PBXBuildFile; fileRef = BE2D2FF52236F8C900CBE228 /* EcoDatumIOSAppUITests.swift */; };
		BE2D30392236FFF500CBE228 /* EcoDatumModel.framework in Frameworks */ = {isa = PBXBuildFile; fileRef = BE2D30292236FFC000CBE228 /* EcoDatumModel.framework */; };
		BE2D303A2236FFF500CBE228 /* EcoDatumModel.framework in Embed Frameworks */ = {isa = PBXBuildFile; fileRef = BE2D30292236FFC000CBE228 /* EcoDatumModel.framework */; settings = {ATTRIBUTES = (CodeSignOnCopy, RemoveHeadersOnCopy, ); }; };
		BE2D303D2236FFF500CBE228 /* EcoDatumCoreData.framework in Frameworks */ = {isa = PBXBuildFile; fileRef = BE2D30202236FFBB00CBE228 /* EcoDatumCoreData.framework */; };
		BE2D303E2236FFF500CBE228 /* EcoDatumCoreData.framework in Embed Frameworks */ = {isa = PBXBuildFile; fileRef = BE2D30202236FFBB00CBE228 /* EcoDatumCoreData.framework */; settings = {ATTRIBUTES = (CodeSignOnCopy, RemoveHeadersOnCopy, ); }; };
		BE2D30412236FFF500CBE228 /* EcoDatumCommon.framework in Frameworks */ = {isa = PBXBuildFile; fileRef = BE2D30172236FFB100CBE228 /* EcoDatumCommon.framework */; };
		BE2D30422236FFF500CBE228 /* EcoDatumCommon.framework in Embed Frameworks */ = {isa = PBXBuildFile; fileRef = BE2D30172236FFB100CBE228 /* EcoDatumCommon.framework */; settings = {ATTRIBUTES = (CodeSignOnCopy, RemoveHeadersOnCopy, ); }; };
		BE2D304E2237064400CBE228 /* TestLocation.storyboard in Resources */ = {isa = PBXBuildFile; fileRef = BE2D304D2237064400CBE228 /* TestLocation.storyboard */; };
		BE2D30512237087A00CBE228 /* TestLocationController.swift in Sources */ = {isa = PBXBuildFile; fileRef = BE2D30502237087A00CBE228 /* TestLocationController.swift */; };
		BE2D305822385A5700CBE228 /* ColorPalette.swift in Sources */ = {isa = PBXBuildFile; fileRef = BE2D305722385A5700CBE228 /* ColorPalette.swift */; };
		BE2D305B22385CC000CBE228 /* ColorPalette.pdf in Resources */ = {isa = PBXBuildFile; fileRef = BE2D305A22385CC000CBE228 /* ColorPalette.pdf */; };
		BE2D305E22386ED100CBE228 /* TestSplitView.storyboard in Resources */ = {isa = PBXBuildFile; fileRef = BE2D305D22386ED100CBE228 /* TestSplitView.storyboard */; };
		BE3C6DE5227D45A500626E9E /* CarbonSinkDataValue.swift in Sources */ = {isa = PBXBuildFile; fileRef = BE3C6DE4227D45A500626E9E /* CarbonSinkDataValue.swift */; };
		BE3C6DEB227E883B00626E9E /* CarbonSinkTrees.xcassets in Resources */ = {isa = PBXBuildFile; fileRef = BE3C6DEA227E883B00626E9E /* CarbonSinkTrees.xcassets */; };
		BE3C6DED227E8C6600626E9E /* CarbonSinkMaps.xcassets in Resources */ = {isa = PBXBuildFile; fileRef = BE3C6DEC227E8C6600626E9E /* CarbonSinkMaps.xcassets */; };
		BE471A17224B1D6700E041B8 /* NotebookSplitViewController.swift in Sources */ = {isa = PBXBuildFile; fileRef = BE471A16224B1D6700E041B8 /* NotebookSplitViewController.swift */; };
		BE471A26224B25A400E041B8 /* SwiftyBeaver.framework in Frameworks */ = {isa = PBXBuildFile; fileRef = BE471A25224B25A400E041B8 /* SwiftyBeaver.framework */; };
		BE471A29224B26E600E041B8 /* NotebookMasterController.swift in Sources */ = {isa = PBXBuildFile; fileRef = BE471A28224B26E600E041B8 /* NotebookMasterController.swift */; };
		BE471A2B224B277100E041B8 /* NotebookRootViewController.swift in Sources */ = {isa = PBXBuildFile; fileRef = BE471A2A224B277100E041B8 /* NotebookRootViewController.swift */; };
		BE4BF704224098EE00AAE0DA /* EcoDatumService.framework in Frameworks */ = {isa = PBXBuildFile; fileRef = BE4BF701224098AE00AAE0DA /* EcoDatumService.framework */; };
		BE4BF705224098EE00AAE0DA /* EcoDatumService.framework in Embed Frameworks */ = {isa = PBXBuildFile; fileRef = BE4BF701224098AE00AAE0DA /* EcoDatumService.framework */; settings = {ATTRIBUTES = (CodeSignOnCopy, RemoveHeadersOnCopy, ); }; };
		BE5CF4EC223B3736003A6332 /* BorderedRoundedButton.xib in Resources */ = {isa = PBXBuildFile; fileRef = BE5CF4EB223B3736003A6332 /* BorderedRoundedButton.xib */; };
		BE5CF4EE223B3B64003A6332 /* BorderedRoundedButton.swift in Sources */ = {isa = PBXBuildFile; fileRef = BE5CF4ED223B3B64003A6332 /* BorderedRoundedButton.swift */; };
		BE5E954922823DD000F23174 /* CarbonSinkKeyboardView.xib in Resources */ = {isa = PBXBuildFile; fileRef = BE5E954822823DD000F23174 /* CarbonSinkKeyboardView.xib */; };
		BE5E954B228296A800F23174 /* CarbonSinkKeyboardView.swift in Sources */ = {isa = PBXBuildFile; fileRef = BE5E954A228296A800F23174 /* CarbonSinkKeyboardView.swift */; };
		BE82021F2277F85A00FB5FDC /* CarbonSinkScanCodeViewController.swift in Sources */ = {isa = PBXBuildFile; fileRef = BE82021E2277F85A00FB5FDC /* CarbonSinkScanCodeViewController.swift */; };
		BE8202212277FB6100FB5FDC /* CarbonSinkDetailTabBarController.swift in Sources */ = {isa = PBXBuildFile; fileRef = BE8202202277FB6100FB5FDC /* CarbonSinkDetailTabBarController.swift */; };
		BEB18A0E227292170019146C /* CarbonSink.storyboard in Resources */ = {isa = PBXBuildFile; fileRef = BEB18A0D227292170019146C /* CarbonSink.storyboard */; };
		BEB18A10227295590019146C /* CarbonSinkMainViewController.swift in Sources */ = {isa = PBXBuildFile; fileRef = BEB18A0F227295590019146C /* CarbonSinkMainViewController.swift */; };
		BEB18A12227295B30019146C /* CarbonSinkCellView.swift in Sources */ = {isa = PBXBuildFile; fileRef = BEB18A11227295B30019146C /* CarbonSinkCellView.swift */; };
		BEB18A142273A4020019146C /* CarbonSinkNavigationController.swift in Sources */ = {isa = PBXBuildFile; fileRef = BEB18A132273A4020019146C /* CarbonSinkNavigationController.swift */; };
		BEB18A192273F3740019146C /* CarbonSinkImageView.xib in Resources */ = {isa = PBXBuildFile; fileRef = BEB18A182273F3740019146C /* CarbonSinkImageView.xib */; };
		BEB18A1B2273F4B00019146C /* CarbonSinkImageView.swift in Sources */ = {isa = PBXBuildFile; fileRef = BEB18A1A2273F4B00019146C /* CarbonSinkImageView.swift */; };
		BEB18A1D2273F4D80019146C /* CarbonSinkDataView.xib in Resources */ = {isa = PBXBuildFile; fileRef = BEB18A1C2273F4D80019146C /* CarbonSinkDataView.xib */; };
		BEB18A1F2273F4F70019146C /* CarbonSinkDataView.swift in Sources */ = {isa = PBXBuildFile; fileRef = BEB18A1E2273F4F70019146C /* CarbonSinkDataView.swift */; };
		BEB18A232273F61B0019146C /* CarbonSinkTableCellModel.swift in Sources */ = {isa = PBXBuildFile; fileRef = BEB18A222273F61A0019146C /* CarbonSinkTableCellModel.swift */; };
		BEB18A26227658BC0019146C /* Main.storyboard in Resources */ = {isa = PBXBuildFile; fileRef = BEB18A25227658BC0019146C /* Main.storyboard */; };
		BEB18A28227659060019146C /* MainNavigationController.swift in Sources */ = {isa = PBXBuildFile; fileRef = BEB18A27227659060019146C /* MainNavigationController.swift */; };
		BEB18A2A227659A60019146C /* MainViewController.swift in Sources */ = {isa = PBXBuildFile; fileRef = BEB18A29227659A60019146C /* MainViewController.swift */; };
		BEB892FA224C186D0094A21E /* CoreDataContextHolder.swift in Sources */ = {isa = PBXBuildFile; fileRef = BEB892F9224C186D0094A21E /* CoreDataContextHolder.swift */; };
		BEB89302224D5A230094A21E /* Notifications.swift in Sources */ = {isa = PBXBuildFile; fileRef = BEB89301224D5A230094A21E /* Notifications.swift */; };
		BEB89305224EA30D0094A21E /* Site.storyboard in Resources */ = {isa = PBXBuildFile; fileRef = BEB89304224EA30D0094A21E /* Site.storyboard */; };
		BEB89307224EA6EE0094A21E /* SiteMasterViewController.swift in Sources */ = {isa = PBXBuildFile; fileRef = BEB89306224EA6EE0094A21E /* SiteMasterViewController.swift */; };
		BEB89309224EA8510094A21E /* SiteMasterNavigationController.swift in Sources */ = {isa = PBXBuildFile; fileRef = BEB89308224EA8510094A21E /* SiteMasterNavigationController.swift */; };
		BEB8930C224EA9780094A21E /* SiteMasterTableViewCell.xib in Resources */ = {isa = PBXBuildFile; fileRef = BEB8930B224EA9780094A21E /* SiteMasterTableViewCell.xib */; };
		BEB8930E224EA9FC0094A21E /* SiteMasterTableViewCell.swift in Sources */ = {isa = PBXBuildFile; fileRef = BEB8930D224EA9FC0094A21E /* SiteMasterTableViewCell.swift */; };
		BEB89310224F0CBE0094A21E /* SitePhotoViewController.swift in Sources */ = {isa = PBXBuildFile; fileRef = BEB8930F224F0CBE0094A21E /* SitePhotoViewController.swift */; };
		BECE1FA222512996009CE092 /* TestNotebook.storyboard in Resources */ = {isa = PBXBuildFile; fileRef = BECE1FA122512996009CE092 /* TestNotebook.storyboard */; };
		BECE1FA4225129CB009CE092 /* TestNotebookViewController.swift in Sources */ = {isa = PBXBuildFile; fileRef = BECE1FA3225129CB009CE092 /* TestNotebookViewController.swift */; };
		BECE1FA622512AC2009CE092 /* TestNotebookNavigationController.swift in Sources */ = {isa = PBXBuildFile; fileRef = BECE1FA522512AC2009CE092 /* TestNotebookNavigationController.swift */; };
		BECE1FA922513757009CE092 /* TestNotebookFooterView.xib in Resources */ = {isa = PBXBuildFile; fileRef = BECE1FA822513757009CE092 /* TestNotebookFooterView.xib */; };
		BECE1FAB2251376E009CE092 /* TestNotebookFooterView.swift in Sources */ = {isa = PBXBuildFile; fileRef = BECE1FAA2251376E009CE092 /* TestNotebookFooterView.swift */; };
		BECE1FAD22513A01009CE092 /* TestNotebookHeaderView.xib in Resources */ = {isa = PBXBuildFile; fileRef = BECE1FAC22513A01009CE092 /* TestNotebookHeaderView.xib */; };
		BECE1FAF22513A1E009CE092 /* TestNotebookHeaderView.swift in Sources */ = {isa = PBXBuildFile; fileRef = BECE1FAE22513A1E009CE092 /* TestNotebookHeaderView.swift */; };
/* End PBXBuildFile section */

/* Begin PBXContainerItemProxy section */
		BE2D2FE72236F8C900CBE228 /* PBXContainerItemProxy */ = {
			isa = PBXContainerItemProxy;
			containerPortal = BE2D2FCA2236F8C800CBE228 /* Project object */;
			proxyType = 1;
			remoteGlobalIDString = BE2D2FD12236F8C800CBE228;
			remoteInfo = EcoDatumIOSApp;
		};
		BE2D2FF22236F8C900CBE228 /* PBXContainerItemProxy */ = {
			isa = PBXContainerItemProxy;
			containerPortal = BE2D2FCA2236F8C800CBE228 /* Project object */;
			proxyType = 1;
			remoteGlobalIDString = BE2D2FD12236F8C800CBE228;
			remoteInfo = EcoDatumIOSApp;
		};
		BE2D30162236FFB100CBE228 /* PBXContainerItemProxy */ = {
			isa = PBXContainerItemProxy;
			containerPortal = BE2D30112236FFB100CBE228 /* EcoDatumCommon.xcodeproj */;
			proxyType = 2;
			remoteGlobalIDString = BEF255D6222105B9007134AA;
			remoteInfo = EcoDatumCommon;
		};
		BE2D30182236FFB100CBE228 /* PBXContainerItemProxy */ = {
			isa = PBXContainerItemProxy;
			containerPortal = BE2D30112236FFB100CBE228 /* EcoDatumCommon.xcodeproj */;
			proxyType = 2;
			remoteGlobalIDString = BEF255DF222105B9007134AA;
			remoteInfo = EcoDatumCommonTests;
		};
		BE2D301F2236FFBB00CBE228 /* PBXContainerItemProxy */ = {
			isa = PBXContainerItemProxy;
			containerPortal = BE2D301A2236FFBB00CBE228 /* EcoDatumCoreData.xcodeproj */;
			proxyType = 2;
			remoteGlobalIDString = BEC8633F2224DD7800AC120A;
			remoteInfo = EcoDatumCoreData;
		};
		BE2D30212236FFBB00CBE228 /* PBXContainerItemProxy */ = {
			isa = PBXContainerItemProxy;
			containerPortal = BE2D301A2236FFBB00CBE228 /* EcoDatumCoreData.xcodeproj */;
			proxyType = 2;
			remoteGlobalIDString = BEC863482224DD7800AC120A;
			remoteInfo = EcoDatumCoreDataTests;
		};
		BE2D30282236FFC000CBE228 /* PBXContainerItemProxy */ = {
			isa = PBXContainerItemProxy;
			containerPortal = BE2D30232236FFC000CBE228 /* EcoDatumModel.xcodeproj */;
			proxyType = 2;
			remoteGlobalIDString = BEF255AE2220F4A0007134AA;
			remoteInfo = EcoDatumModel;
		};
		BE2D302A2236FFC000CBE228 /* PBXContainerItemProxy */ = {
			isa = PBXContainerItemProxy;
			containerPortal = BE2D30232236FFC000CBE228 /* EcoDatumModel.xcodeproj */;
			proxyType = 2;
			remoteGlobalIDString = BEF255B72220F4A1007134AA;
			remoteInfo = EcoDatumModelTests;
		};
		BE2D303B2236FFF500CBE228 /* PBXContainerItemProxy */ = {
			isa = PBXContainerItemProxy;
			containerPortal = BE2D30232236FFC000CBE228 /* EcoDatumModel.xcodeproj */;
			proxyType = 1;
			remoteGlobalIDString = BEF255AD2220F4A0007134AA;
			remoteInfo = EcoDatumModel;
		};
		BE2D303F2236FFF500CBE228 /* PBXContainerItemProxy */ = {
			isa = PBXContainerItemProxy;
			containerPortal = BE2D301A2236FFBB00CBE228 /* EcoDatumCoreData.xcodeproj */;
			proxyType = 1;
			remoteGlobalIDString = BEC8633E2224DD7800AC120A;
			remoteInfo = EcoDatumCoreData;
		};
		BE2D30432236FFF500CBE228 /* PBXContainerItemProxy */ = {
			isa = PBXContainerItemProxy;
			containerPortal = BE2D30112236FFB100CBE228 /* EcoDatumCommon.xcodeproj */;
			proxyType = 1;
			remoteGlobalIDString = BEF255D5222105B9007134AA;
			remoteInfo = EcoDatumCommon;
		};
		BE4BF700224098AE00AAE0DA /* PBXContainerItemProxy */ = {
			isa = PBXContainerItemProxy;
			containerPortal = BE4BF6F7224098AE00AAE0DA /* EcoDatumService.xcodeproj */;
			proxyType = 2;
			remoteGlobalIDString = BE4BF6C022400A6500AAE0DA;
			remoteInfo = EcoDatumService;
		};
		BE4BF702224098AE00AAE0DA /* PBXContainerItemProxy */ = {
			isa = PBXContainerItemProxy;
			containerPortal = BE4BF6F7224098AE00AAE0DA /* EcoDatumService.xcodeproj */;
			proxyType = 2;
			remoteGlobalIDString = BE4BF6C922400A6600AAE0DA;
			remoteInfo = EcoDatumServiceTests;
		};
		BE4BF706224098EE00AAE0DA /* PBXContainerItemProxy */ = {
			isa = PBXContainerItemProxy;
			containerPortal = BE4BF6F7224098AE00AAE0DA /* EcoDatumService.xcodeproj */;
			proxyType = 1;
			remoteGlobalIDString = BE4BF6BF22400A6500AAE0DA;
			remoteInfo = EcoDatumService;
		};
/* End PBXContainerItemProxy section */

/* Begin PBXCopyFilesBuildPhase section */
		BE2D300F2236FEF100CBE228 /* Embed Frameworks */ = {
			isa = PBXCopyFilesBuildPhase;
			buildActionMask = 2147483647;
			dstPath = "";
			dstSubfolderSpec = 10;
			files = (
				BE4BF705224098EE00AAE0DA /* EcoDatumService.framework in Embed Frameworks */,
				BE2D303A2236FFF500CBE228 /* EcoDatumModel.framework in Embed Frameworks */,
				BE2D303E2236FFF500CBE228 /* EcoDatumCoreData.framework in Embed Frameworks */,
				BE2D30422236FFF500CBE228 /* EcoDatumCommon.framework in Embed Frameworks */,
			);
			name = "Embed Frameworks";
			runOnlyForDeploymentPostprocessing = 0;
		};
/* End PBXCopyFilesBuildPhase section */

/* Begin PBXFileReference section */
		BE02333F227A9060006F3E7E /* CarbonSinkPhotosViewController.swift */ = {isa = PBXFileReference; lastKnownFileType = sourcecode.swift; path = CarbonSinkPhotosViewController.swift; sourceTree = "<group>"; };
		BE023341227A9076006F3E7E /* CarbonSinkMapViewController.swift */ = {isa = PBXFileReference; lastKnownFileType = sourcecode.swift; path = CarbonSinkMapViewController.swift; sourceTree = "<group>"; };
		BE023343227A9091006F3E7E /* CarbonSinkDataViewController.swift */ = {isa = PBXFileReference; lastKnownFileType = sourcecode.swift; path = CarbonSinkDataViewController.swift; sourceTree = "<group>"; };
		BE02334D227B714E006F3E7E /* SiteEntityHolder.swift */ = {isa = PBXFileReference; lastKnownFileType = sourcecode.swift; path = SiteEntityHolder.swift; sourceTree = "<group>"; };
		BE02334F227B719F006F3E7E /* SiteEntitiesHolder.swift */ = {isa = PBXFileReference; lastKnownFileType = sourcecode.swift; path = SiteEntitiesHolder.swift; sourceTree = "<group>"; };
		BE023351227B720E006F3E7E /* NotebookEntityHolder.swift */ = {isa = PBXFileReference; lastKnownFileType = sourcecode.swift; path = NotebookEntityHolder.swift; sourceTree = "<group>"; };
		BE023353227B7EBF006F3E7E /* CarbonSinkDataNavigationController.swift */ = {isa = PBXFileReference; lastKnownFileType = sourcecode.swift; path = CarbonSinkDataNavigationController.swift; sourceTree = "<group>"; };
		BE023355227B7ED6006F3E7E /* CarbonSinkMapNavigationController.swift */ = {isa = PBXFileReference; lastKnownFileType = sourcecode.swift; path = CarbonSinkMapNavigationController.swift; sourceTree = "<group>"; };
		BE023357227B7EE2006F3E7E /* CarbonSinkPhotosNavigationController.swift */ = {isa = PBXFileReference; lastKnownFileType = sourcecode.swift; path = CarbonSinkPhotosNavigationController.swift; sourceTree = "<group>"; };
		BE15987122811B5500C9978C /* uti_44.png */ = {isa = PBXFileReference; lastKnownFileType = image.png; path = uti_44.png; sourceTree = SOURCE_ROOT; };
		BE15987222811B5500C9978C /* uti_320.png */ = {isa = PBXFileReference; lastKnownFileType = image.png; path = uti_320.png; sourceTree = SOURCE_ROOT; };
		BE15987322811B5500C9978C /* uti_20.png */ = {isa = PBXFileReference; lastKnownFileType = image.png; path = uti_20.png; sourceTree = SOURCE_ROOT; };
		BE15987422811B5500C9978C /* uti_64.png */ = {isa = PBXFileReference; lastKnownFileType = image.png; path = uti_64.png; sourceTree = SOURCE_ROOT; };
		BE2D2FD22236F8C800CBE228 /* EcoDatumIOSApp.app */ = {isa = PBXFileReference; explicitFileType = wrapper.application; includeInIndex = 0; path = EcoDatumIOSApp.app; sourceTree = BUILT_PRODUCTS_DIR; };
		BE2D2FD52236F8C800CBE228 /* AppDelegate.swift */ = {isa = PBXFileReference; lastKnownFileType = sourcecode.swift; path = AppDelegate.swift; sourceTree = "<group>"; };
		BE2D2FDA2236F8C800CBE228 /* Base */ = {isa = PBXFileReference; lastKnownFileType = file.storyboard; name = Base; path = Base.lproj/Notebook.storyboard; sourceTree = "<group>"; };
		BE2D2FDC2236F8C900CBE228 /* Assets.xcassets */ = {isa = PBXFileReference; lastKnownFileType = folder.assetcatalog; path = Assets.xcassets; sourceTree = "<group>"; };
		BE2D2FDF2236F8C900CBE228 /* Base */ = {isa = PBXFileReference; lastKnownFileType = file.storyboard; name = Base; path = Base.lproj/LaunchScreen.storyboard; sourceTree = "<group>"; };
		BE2D2FE12236F8C900CBE228 /* Info.plist */ = {isa = PBXFileReference; lastKnownFileType = text.plist.xml; path = Info.plist; sourceTree = "<group>"; };
		BE2D2FE62236F8C900CBE228 /* EcoDatumIOSAppTests.xctest */ = {isa = PBXFileReference; explicitFileType = wrapper.cfbundle; includeInIndex = 0; path = EcoDatumIOSAppTests.xctest; sourceTree = BUILT_PRODUCTS_DIR; };
		BE2D2FEA2236F8C900CBE228 /* EcoDatumIOSAppTests.swift */ = {isa = PBXFileReference; lastKnownFileType = sourcecode.swift; path = EcoDatumIOSAppTests.swift; sourceTree = "<group>"; };
		BE2D2FEC2236F8C900CBE228 /* Info.plist */ = {isa = PBXFileReference; lastKnownFileType = text.plist.xml; path = Info.plist; sourceTree = "<group>"; };
		BE2D2FF12236F8C900CBE228 /* EcoDatumIOSAppUITests.xctest */ = {isa = PBXFileReference; explicitFileType = wrapper.cfbundle; includeInIndex = 0; path = EcoDatumIOSAppUITests.xctest; sourceTree = BUILT_PRODUCTS_DIR; };
		BE2D2FF52236F8C900CBE228 /* EcoDatumIOSAppUITests.swift */ = {isa = PBXFileReference; lastKnownFileType = sourcecode.swift; path = EcoDatumIOSAppUITests.swift; sourceTree = "<group>"; };
		BE2D2FF72236F8C900CBE228 /* Info.plist */ = {isa = PBXFileReference; lastKnownFileType = text.plist.xml; path = Info.plist; sourceTree = "<group>"; };
		BE2D30112236FFB100CBE228 /* EcoDatumCommon.xcodeproj */ = {isa = PBXFileReference; lastKnownFileType = "wrapper.pb-project"; name = EcoDatumCommon.xcodeproj; path = ../EcoDatumCommon/EcoDatumCommon.xcodeproj; sourceTree = "<group>"; };
		BE2D301A2236FFBB00CBE228 /* EcoDatumCoreData.xcodeproj */ = {isa = PBXFileReference; lastKnownFileType = "wrapper.pb-project"; name = EcoDatumCoreData.xcodeproj; path = ../EcoDatumCoreData/EcoDatumCoreData.xcodeproj; sourceTree = "<group>"; };
		BE2D30232236FFC000CBE228 /* EcoDatumModel.xcodeproj */ = {isa = PBXFileReference; lastKnownFileType = "wrapper.pb-project"; name = EcoDatumModel.xcodeproj; path = ../EcoDatumModel/EcoDatumModel.xcodeproj; sourceTree = "<group>"; };
		BE2D304D2237064400CBE228 /* TestLocation.storyboard */ = {isa = PBXFileReference; lastKnownFileType = file.storyboard; path = TestLocation.storyboard; sourceTree = "<group>"; };
		BE2D30502237087A00CBE228 /* TestLocationController.swift */ = {isa = PBXFileReference; lastKnownFileType = sourcecode.swift; path = TestLocationController.swift; sourceTree = "<group>"; };
		BE2D305722385A5700CBE228 /* ColorPalette.swift */ = {isa = PBXFileReference; lastKnownFileType = sourcecode.swift; path = ColorPalette.swift; sourceTree = "<group>"; };
		BE2D305A22385CC000CBE228 /* ColorPalette.pdf */ = {isa = PBXFileReference; lastKnownFileType = image.pdf; path = ColorPalette.pdf; sourceTree = "<group>"; };
		BE2D305D22386ED100CBE228 /* TestSplitView.storyboard */ = {isa = PBXFileReference; lastKnownFileType = file.storyboard; path = TestSplitView.storyboard; sourceTree = "<group>"; };
		BE3C6DE4227D45A500626E9E /* CarbonSinkDataValue.swift */ = {isa = PBXFileReference; lastKnownFileType = sourcecode.swift; path = CarbonSinkDataValue.swift; sourceTree = "<group>"; };
		BE3C6DEA227E883B00626E9E /* CarbonSinkTrees.xcassets */ = {isa = PBXFileReference; lastKnownFileType = folder.assetcatalog; path = CarbonSinkTrees.xcassets; sourceTree = "<group>"; };
		BE3C6DEC227E8C6600626E9E /* CarbonSinkMaps.xcassets */ = {isa = PBXFileReference; lastKnownFileType = folder.assetcatalog; path = CarbonSinkMaps.xcassets; sourceTree = "<group>"; };
		BE471A16224B1D6700E041B8 /* NotebookSplitViewController.swift */ = {isa = PBXFileReference; lastKnownFileType = sourcecode.swift; path = NotebookSplitViewController.swift; sourceTree = "<group>"; };
		BE471A25224B25A400E041B8 /* SwiftyBeaver.framework */ = {isa = PBXFileReference; lastKnownFileType = wrapper.framework; name = SwiftyBeaver.framework; path = Carthage/Build/iOS/SwiftyBeaver.framework; sourceTree = "<group>"; };
		BE471A28224B26E600E041B8 /* NotebookMasterController.swift */ = {isa = PBXFileReference; lastKnownFileType = sourcecode.swift; path = NotebookMasterController.swift; sourceTree = "<group>"; };
		BE471A2A224B277100E041B8 /* NotebookRootViewController.swift */ = {isa = PBXFileReference; lastKnownFileType = sourcecode.swift; path = NotebookRootViewController.swift; sourceTree = "<group>"; };
		BE4BF6F7224098AE00AAE0DA /* EcoDatumService.xcodeproj */ = {isa = PBXFileReference; lastKnownFileType = "wrapper.pb-project"; name = EcoDatumService.xcodeproj; path = ../EcoDatumService/EcoDatumService.xcodeproj; sourceTree = "<group>"; };
		BE5CF4EB223B3736003A6332 /* BorderedRoundedButton.xib */ = {isa = PBXFileReference; lastKnownFileType = file.xib; path = BorderedRoundedButton.xib; sourceTree = "<group>"; };
		BE5CF4ED223B3B64003A6332 /* BorderedRoundedButton.swift */ = {isa = PBXFileReference; fileEncoding = 4; lastKnownFileType = sourcecode.swift; path = BorderedRoundedButton.swift; sourceTree = "<group>"; };
		BE5E954822823DD000F23174 /* CarbonSinkKeyboardView.xib */ = {isa = PBXFileReference; lastKnownFileType = file.xib; path = CarbonSinkKeyboardView.xib; sourceTree = "<group>"; };
		BE5E954A228296A800F23174 /* CarbonSinkKeyboardView.swift */ = {isa = PBXFileReference; lastKnownFileType = sourcecode.swift; path = CarbonSinkKeyboardView.swift; sourceTree = "<group>"; };
		BE82021E2277F85A00FB5FDC /* CarbonSinkScanCodeViewController.swift */ = {isa = PBXFileReference; lastKnownFileType = sourcecode.swift; path = CarbonSinkScanCodeViewController.swift; sourceTree = "<group>"; };
		BE8202202277FB6100FB5FDC /* CarbonSinkDetailTabBarController.swift */ = {isa = PBXFileReference; lastKnownFileType = sourcecode.swift; path = CarbonSinkDetailTabBarController.swift; sourceTree = "<group>"; };
		BEB18A0D227292170019146C /* CarbonSink.storyboard */ = {isa = PBXFileReference; lastKnownFileType = file.storyboard; path = CarbonSink.storyboard; sourceTree = "<group>"; };
		BEB18A0F227295590019146C /* CarbonSinkMainViewController.swift */ = {isa = PBXFileReference; lastKnownFileType = sourcecode.swift; path = CarbonSinkMainViewController.swift; sourceTree = "<group>"; };
		BEB18A11227295B30019146C /* CarbonSinkCellView.swift */ = {isa = PBXFileReference; lastKnownFileType = sourcecode.swift; path = CarbonSinkCellView.swift; sourceTree = "<group>"; };
		BEB18A132273A4020019146C /* CarbonSinkNavigationController.swift */ = {isa = PBXFileReference; lastKnownFileType = sourcecode.swift; path = CarbonSinkNavigationController.swift; sourceTree = "<group>"; };
		BEB18A182273F3740019146C /* CarbonSinkImageView.xib */ = {isa = PBXFileReference; lastKnownFileType = file.xib; path = CarbonSinkImageView.xib; sourceTree = "<group>"; };
		BEB18A1A2273F4B00019146C /* CarbonSinkImageView.swift */ = {isa = PBXFileReference; lastKnownFileType = sourcecode.swift; path = CarbonSinkImageView.swift; sourceTree = "<group>"; };
		BEB18A1C2273F4D80019146C /* CarbonSinkDataView.xib */ = {isa = PBXFileReference; lastKnownFileType = file.xib; path = CarbonSinkDataView.xib; sourceTree = "<group>"; };
		BEB18A1E2273F4F70019146C /* CarbonSinkDataView.swift */ = {isa = PBXFileReference; lastKnownFileType = sourcecode.swift; path = CarbonSinkDataView.swift; sourceTree = "<group>"; };
		BEB18A222273F61A0019146C /* CarbonSinkTableCellModel.swift */ = {isa = PBXFileReference; fileEncoding = 4; lastKnownFileType = sourcecode.swift; path = CarbonSinkTableCellModel.swift; sourceTree = "<group>"; };
		BEB18A25227658BC0019146C /* Main.storyboard */ = {isa = PBXFileReference; lastKnownFileType = file.storyboard; path = Main.storyboard; sourceTree = "<group>"; };
		BEB18A27227659060019146C /* MainNavigationController.swift */ = {isa = PBXFileReference; lastKnownFileType = sourcecode.swift; path = MainNavigationController.swift; sourceTree = "<group>"; };
		BEB18A29227659A60019146C /* MainViewController.swift */ = {isa = PBXFileReference; lastKnownFileType = sourcecode.swift; path = MainViewController.swift; sourceTree = "<group>"; };
		BEB892F9224C186D0094A21E /* CoreDataContextHolder.swift */ = {isa = PBXFileReference; lastKnownFileType = sourcecode.swift; path = CoreDataContextHolder.swift; sourceTree = "<group>"; };
		BEB89301224D5A230094A21E /* Notifications.swift */ = {isa = PBXFileReference; lastKnownFileType = sourcecode.swift; path = Notifications.swift; sourceTree = "<group>"; };
		BEB89304224EA30D0094A21E /* Site.storyboard */ = {isa = PBXFileReference; lastKnownFileType = file.storyboard; path = Site.storyboard; sourceTree = "<group>"; };
		BEB89306224EA6EE0094A21E /* SiteMasterViewController.swift */ = {isa = PBXFileReference; lastKnownFileType = sourcecode.swift; path = SiteMasterViewController.swift; sourceTree = "<group>"; };
		BEB89308224EA8510094A21E /* SiteMasterNavigationController.swift */ = {isa = PBXFileReference; lastKnownFileType = sourcecode.swift; path = SiteMasterNavigationController.swift; sourceTree = "<group>"; };
		BEB8930B224EA9780094A21E /* SiteMasterTableViewCell.xib */ = {isa = PBXFileReference; lastKnownFileType = file.xib; path = SiteMasterTableViewCell.xib; sourceTree = "<group>"; };
		BEB8930D224EA9FC0094A21E /* SiteMasterTableViewCell.swift */ = {isa = PBXFileReference; lastKnownFileType = sourcecode.swift; path = SiteMasterTableViewCell.swift; sourceTree = "<group>"; };
		BEB8930F224F0CBE0094A21E /* SitePhotoViewController.swift */ = {isa = PBXFileReference; lastKnownFileType = sourcecode.swift; path = SitePhotoViewController.swift; sourceTree = "<group>"; };
		BECE1FA122512996009CE092 /* TestNotebook.storyboard */ = {isa = PBXFileReference; lastKnownFileType = file.storyboard; path = TestNotebook.storyboard; sourceTree = "<group>"; };
		BECE1FA3225129CB009CE092 /* TestNotebookViewController.swift */ = {isa = PBXFileReference; lastKnownFileType = sourcecode.swift; path = TestNotebookViewController.swift; sourceTree = "<group>"; };
		BECE1FA522512AC2009CE092 /* TestNotebookNavigationController.swift */ = {isa = PBXFileReference; lastKnownFileType = sourcecode.swift; path = TestNotebookNavigationController.swift; sourceTree = "<group>"; };
		BECE1FA822513757009CE092 /* TestNotebookFooterView.xib */ = {isa = PBXFileReference; lastKnownFileType = file.xib; path = TestNotebookFooterView.xib; sourceTree = "<group>"; };
		BECE1FAA2251376E009CE092 /* TestNotebookFooterView.swift */ = {isa = PBXFileReference; lastKnownFileType = sourcecode.swift; path = TestNotebookFooterView.swift; sourceTree = "<group>"; };
		BECE1FAC22513A01009CE092 /* TestNotebookHeaderView.xib */ = {isa = PBXFileReference; lastKnownFileType = file.xib; path = TestNotebookHeaderView.xib; sourceTree = "<group>"; };
		BECE1FAE22513A1E009CE092 /* TestNotebookHeaderView.swift */ = {isa = PBXFileReference; lastKnownFileType = sourcecode.swift; path = TestNotebookHeaderView.swift; sourceTree = "<group>"; };
/* End PBXFileReference section */

/* Begin PBXFrameworksBuildPhase section */
		BE2D2FCF2236F8C800CBE228 /* Frameworks */ = {
			isa = PBXFrameworksBuildPhase;
			buildActionMask = 2147483647;
			files = (
				BE4BF704224098EE00AAE0DA /* EcoDatumService.framework in Frameworks */,
				BE2D30392236FFF500CBE228 /* EcoDatumModel.framework in Frameworks */,
				BE2D303D2236FFF500CBE228 /* EcoDatumCoreData.framework in Frameworks */,
				BE2D30412236FFF500CBE228 /* EcoDatumCommon.framework in Frameworks */,
				BE471A26224B25A400E041B8 /* SwiftyBeaver.framework in Frameworks */,
			);
			runOnlyForDeploymentPostprocessing = 0;
		};
		BE2D2FE32236F8C900CBE228 /* Frameworks */ = {
			isa = PBXFrameworksBuildPhase;
			buildActionMask = 2147483647;
			files = (
			);
			runOnlyForDeploymentPostprocessing = 0;
		};
		BE2D2FEE2236F8C900CBE228 /* Frameworks */ = {
			isa = PBXFrameworksBuildPhase;
			buildActionMask = 2147483647;
			files = (
			);
			runOnlyForDeploymentPostprocessing = 0;
		};
/* End PBXFrameworksBuildPhase section */

/* Begin PBXGroup section */
		BE15986C22811A1700C9978C /* UTI Icons */ = {
			isa = PBXGroup;
			children = (
				BE15987322811B5500C9978C /* uti_20.png */,
				BE15987122811B5500C9978C /* uti_44.png */,
				BE15987422811B5500C9978C /* uti_64.png */,
				BE15987222811B5500C9978C /* uti_320.png */,
			);
			name = "UTI Icons";
			sourceTree = "<group>";
		};
		BE2D2FC92236F8C800CBE228 = {
			isa = PBXGroup;
			children = (
				BE471A23224B237000E041B8 /* Frameworks */,
				BE2D30102236FF6500CBE228 /* Dependencies */,
				BE2D2FD42236F8C800CBE228 /* EcoDatumIOSApp */,
				BE2D2FE92236F8C900CBE228 /* EcoDatumIOSAppTests */,
				BE2D2FF42236F8C900CBE228 /* EcoDatumIOSAppUITests */,
				BE2D2FD32236F8C800CBE228 /* Products */,
			);
			sourceTree = "<group>";
		};
		BE2D2FD32236F8C800CBE228 /* Products */ = {
			isa = PBXGroup;
			children = (
				BE2D2FD22236F8C800CBE228 /* EcoDatumIOSApp.app */,
				BE2D2FE62236F8C900CBE228 /* EcoDatumIOSAppTests.xctest */,
				BE2D2FF12236F8C900CBE228 /* EcoDatumIOSAppUITests.xctest */,
			);
			name = Products;
			sourceTree = "<group>";
		};
		BE2D2FD42236F8C800CBE228 /* EcoDatumIOSApp */ = {
			isa = PBXGroup;
			children = (
				BE15986C22811A1700C9978C /* UTI Icons */,
				BE2D305922385CA200CBE228 /* Resources */,
				BE2D305622385A2900CBE228 /* Views */,
				BE2D3045223703CB00CBE228 /* Controllers */,
				BE2D2FD52236F8C800CBE228 /* AppDelegate.swift */,
				BE2D2FE12236F8C900CBE228 /* Info.plist */,
				BEB892F9224C186D0094A21E /* CoreDataContextHolder.swift */,
				BEB89301224D5A230094A21E /* Notifications.swift */,
				BE02334D227B714E006F3E7E /* SiteEntityHolder.swift */,
				BE02334F227B719F006F3E7E /* SiteEntitiesHolder.swift */,
				BE023351227B720E006F3E7E /* NotebookEntityHolder.swift */,
			);
			path = EcoDatumIOSApp;
			sourceTree = "<group>";
		};
		BE2D2FE92236F8C900CBE228 /* EcoDatumIOSAppTests */ = {
			isa = PBXGroup;
			children = (
				BE2D2FEA2236F8C900CBE228 /* EcoDatumIOSAppTests.swift */,
				BE2D2FEC2236F8C900CBE228 /* Info.plist */,
			);
			path = EcoDatumIOSAppTests;
			sourceTree = "<group>";
		};
		BE2D2FF42236F8C900CBE228 /* EcoDatumIOSAppUITests */ = {
			isa = PBXGroup;
			children = (
				BE2D2FF52236F8C900CBE228 /* EcoDatumIOSAppUITests.swift */,
				BE2D2FF72236F8C900CBE228 /* Info.plist */,
			);
			path = EcoDatumIOSAppUITests;
			sourceTree = "<group>";
		};
		BE2D30102236FF6500CBE228 /* Dependencies */ = {
			isa = PBXGroup;
			children = (
				BE4BF6F7224098AE00AAE0DA /* EcoDatumService.xcodeproj */,
				BE2D30232236FFC000CBE228 /* EcoDatumModel.xcodeproj */,
				BE2D301A2236FFBB00CBE228 /* EcoDatumCoreData.xcodeproj */,
				BE2D30112236FFB100CBE228 /* EcoDatumCommon.xcodeproj */,
			);
			name = Dependencies;
			sourceTree = "<group>";
		};
		BE2D30122236FFB100CBE228 /* Products */ = {
			isa = PBXGroup;
			children = (
				BE2D30172236FFB100CBE228 /* EcoDatumCommon.framework */,
				BE2D30192236FFB100CBE228 /* EcoDatumCommonTests.xctest */,
			);
			name = Products;
			sourceTree = "<group>";
		};
		BE2D301B2236FFBB00CBE228 /* Products */ = {
			isa = PBXGroup;
			children = (
				BE2D30202236FFBB00CBE228 /* EcoDatumCoreData.framework */,
				BE2D30222236FFBB00CBE228 /* EcoDatumCoreDataTests.xctest */,
			);
			name = Products;
			sourceTree = "<group>";
		};
		BE2D30242236FFC000CBE228 /* Products */ = {
			isa = PBXGroup;
			children = (
				BE2D30292236FFC000CBE228 /* EcoDatumModel.framework */,
				BE2D302B2236FFC000CBE228 /* EcoDatumModelTests.xctest */,
			);
			name = Products;
			sourceTree = "<group>";
		};
		BE2D3045223703CB00CBE228 /* Controllers */ = {
			isa = PBXGroup;
			children = (
				BEB18A24227658AA0019146C /* Main */,
				BEB18A08227291FD0019146C /* CarbonSink */,
				BEB89303224EA2F40094A21E /* Site */,
				BE2D304F2237073700CBE228 /* Launch */,
				BE2D3049223705F600CBE228 /* Test */,
				BE2D30462237057800CBE228 /* Notebook */,
			);
			path = Controllers;
			sourceTree = "<group>";
		};
		BE2D30462237057800CBE228 /* Notebook */ = {
			isa = PBXGroup;
			children = (
				BE2D2FD92236F8C800CBE228 /* Notebook.storyboard */,
				BE2D3048223705A100CBE228 /* Models */,
				BE2D30472237058600CBE228 /* Views */,
				BE471A16224B1D6700E041B8 /* NotebookSplitViewController.swift */,
				BE471A28224B26E600E041B8 /* NotebookMasterController.swift */,
				BE471A2A224B277100E041B8 /* NotebookRootViewController.swift */,
			);
			path = Notebook;
			sourceTree = "<group>";
		};
		BE2D30472237058600CBE228 /* Views */ = {
			isa = PBXGroup;
			children = (
			);
			path = Views;
			sourceTree = "<group>";
		};
		BE2D3048223705A100CBE228 /* Models */ = {
			isa = PBXGroup;
			children = (
			);
			path = Models;
			sourceTree = "<group>";
		};
		BE2D3049223705F600CBE228 /* Test */ = {
			isa = PBXGroup;
			children = (
				BECE1F9C2251294A009CE092 /* Notebook */,
				BE2D305C22386EB600CBE228 /* SplitView */,
				BE2D304A2237060C00CBE228 /* Location */,
			);
			path = Test;
			sourceTree = "<group>";
		};
		BE2D304A2237060C00CBE228 /* Location */ = {
			isa = PBXGroup;
			children = (
				BE2D304C2237062000CBE228 /* Views */,
				BE2D304B2237061800CBE228 /* Models */,
				BE2D304D2237064400CBE228 /* TestLocation.storyboard */,
				BE2D30502237087A00CBE228 /* TestLocationController.swift */,
			);
			path = Location;
			sourceTree = "<group>";
		};
		BE2D304B2237061800CBE228 /* Models */ = {
			isa = PBXGroup;
			children = (
			);
			path = Models;
			sourceTree = "<group>";
		};
		BE2D304C2237062000CBE228 /* Views */ = {
			isa = PBXGroup;
			children = (
			);
			path = Views;
			sourceTree = "<group>";
		};
		BE2D304F2237073700CBE228 /* Launch */ = {
			isa = PBXGroup;
			children = (
				BE2D2FDE2236F8C900CBE228 /* LaunchScreen.storyboard */,
			);
			path = Launch;
			sourceTree = "<group>";
		};
		BE2D305622385A2900CBE228 /* Views */ = {
			isa = PBXGroup;
			children = (
				BE5CF4ED223B3B64003A6332 /* BorderedRoundedButton.swift */,
				BE5CF4EB223B3736003A6332 /* BorderedRoundedButton.xib */,
			);
			path = Views;
			sourceTree = "<group>";
		};
		BE2D305922385CA200CBE228 /* Resources */ = {
			isa = PBXGroup;
			children = (
				BE2D2FDC2236F8C900CBE228 /* Assets.xcassets */,
				BE2D305722385A5700CBE228 /* ColorPalette.swift */,
				BE2D305A22385CC000CBE228 /* ColorPalette.pdf */,
			);
			path = Resources;
			sourceTree = "<group>";
		};
		BE2D305C22386EB600CBE228 /* SplitView */ = {
			isa = PBXGroup;
			children = (
				BE2D305D22386ED100CBE228 /* TestSplitView.storyboard */,
			);
			path = SplitView;
			sourceTree = "<group>";
		};
		BE3C6DEE227E8CDC00626E9E /* Resources */ = {
			isa = PBXGroup;
			children = (
				BE3C6DEC227E8C6600626E9E /* CarbonSinkMaps.xcassets */,
				BE3C6DEA227E883B00626E9E /* CarbonSinkTrees.xcassets */,
			);
			path = Resources;
			sourceTree = "<group>";
		};
		BE471A23224B237000E041B8 /* Frameworks */ = {
			isa = PBXGroup;
			children = (
				BE471A25224B25A400E041B8 /* SwiftyBeaver.framework */,
			);
			name = Frameworks;
			sourceTree = "<group>";
		};
		BE4BF6F8224098AE00AAE0DA /* Products */ = {
			isa = PBXGroup;
			children = (
				BE4BF701224098AE00AAE0DA /* EcoDatumService.framework */,
				BE4BF703224098AE00AAE0DA /* EcoDatumServiceTests.xctest */,
			);
			name = Products;
			sourceTree = "<group>";
		};
		BEB18A08227291FD0019146C /* CarbonSink */ = {
			isa = PBXGroup;
			children = (
				BE3C6DEE227E8CDC00626E9E /* Resources */,
				BEB18A172273F3500019146C /* Views */,
				BEB18A0D227292170019146C /* CarbonSink.storyboard */,
				BEB18A0F227295590019146C /* CarbonSinkMainViewController.swift */,
				BEB18A11227295B30019146C /* CarbonSinkCellView.swift */,
				BEB18A132273A4020019146C /* CarbonSinkNavigationController.swift */,
				BE82021E2277F85A00FB5FDC /* CarbonSinkScanCodeViewController.swift */,
				BE8202202277FB6100FB5FDC /* CarbonSinkDetailTabBarController.swift */,
				BE02333F227A9060006F3E7E /* CarbonSinkPhotosViewController.swift */,
				BE023341227A9076006F3E7E /* CarbonSinkMapViewController.swift */,
				BE023343227A9091006F3E7E /* CarbonSinkDataViewController.swift */,
				BE023353227B7EBF006F3E7E /* CarbonSinkDataNavigationController.swift */,
				BE023355227B7ED6006F3E7E /* CarbonSinkMapNavigationController.swift */,
				BE023357227B7EE2006F3E7E /* CarbonSinkPhotosNavigationController.swift */,
				BE3C6DE4227D45A500626E9E /* CarbonSinkDataValue.swift */,
			);
			path = CarbonSink;
			sourceTree = "<group>";
		};
		BEB18A172273F3500019146C /* Views */ = {
			isa = PBXGroup;
			children = (
				BEB18A222273F61A0019146C /* CarbonSinkTableCellModel.swift */,
				BEB18A182273F3740019146C /* CarbonSinkImageView.xib */,
				BEB18A1A2273F4B00019146C /* CarbonSinkImageView.swift */,
				BEB18A1C2273F4D80019146C /* CarbonSinkDataView.xib */,
				BEB18A1E2273F4F70019146C /* CarbonSinkDataView.swift */,
				BE5E954822823DD000F23174 /* CarbonSinkKeyboardView.xib */,
				BE5E954A228296A800F23174 /* CarbonSinkKeyboardView.swift */,
			);
			path = Views;
			sourceTree = "<group>";
		};
		BEB18A24227658AA0019146C /* Main */ = {
			isa = PBXGroup;
			children = (
				BEB18A25227658BC0019146C /* Main.storyboard */,
				BEB18A27227659060019146C /* MainNavigationController.swift */,
				BEB18A29227659A60019146C /* MainViewController.swift */,
			);
			path = Main;
			sourceTree = "<group>";
		};
		BEB89303224EA2F40094A21E /* Site */ = {
			isa = PBXGroup;
			children = (
				BEB8930A224EA94F0094A21E /* Views */,
				BEB89304224EA30D0094A21E /* Site.storyboard */,
				BEB89306224EA6EE0094A21E /* SiteMasterViewController.swift */,
				BEB89308224EA8510094A21E /* SiteMasterNavigationController.swift */,
				BEB8930F224F0CBE0094A21E /* SitePhotoViewController.swift */,
			);
			path = Site;
			sourceTree = "<group>";
		};
		BEB8930A224EA94F0094A21E /* Views */ = {
			isa = PBXGroup;
			children = (
				BEB8930B224EA9780094A21E /* SiteMasterTableViewCell.xib */,
				BEB8930D224EA9FC0094A21E /* SiteMasterTableViewCell.swift */,
			);
			path = Views;
			sourceTree = "<group>";
		};
		BECE1F9C2251294A009CE092 /* Notebook */ = {
			isa = PBXGroup;
			children = (
				BECE1FA722513738009CE092 /* views */,
				BECE1FA122512996009CE092 /* TestNotebook.storyboard */,
				BECE1FA3225129CB009CE092 /* TestNotebookViewController.swift */,
				BECE1FA522512AC2009CE092 /* TestNotebookNavigationController.swift */,
			);
			path = Notebook;
			sourceTree = "<group>";
		};
		BECE1FA722513738009CE092 /* views */ = {
			isa = PBXGroup;
			children = (
				BECE1FA822513757009CE092 /* TestNotebookFooterView.xib */,
				BECE1FAA2251376E009CE092 /* TestNotebookFooterView.swift */,
				BECE1FAC22513A01009CE092 /* TestNotebookHeaderView.xib */,
				BECE1FAE22513A1E009CE092 /* TestNotebookHeaderView.swift */,
			);
			path = views;
			sourceTree = "<group>";
		};
/* End PBXGroup section */

/* Begin PBXNativeTarget section */
		BE2D2FD12236F8C800CBE228 /* EcoDatumIOSApp */ = {
			isa = PBXNativeTarget;
			buildConfigurationList = BE2D2FFA2236F8C900CBE228 /* Build configuration list for PBXNativeTarget "EcoDatumIOSApp" */;
			buildPhases = (
				BE2D2FCE2236F8C800CBE228 /* Sources */,
				BE2D2FCF2236F8C800CBE228 /* Frameworks */,
				BE2D2FD02236F8C800CBE228 /* Resources */,
				BE2D300F2236FEF100CBE228 /* Embed Frameworks */,
				BE471A27224B25BE00E041B8 /* Carthage */,
			);
			buildRules = (
			);
			dependencies = (
				BE2D303C2236FFF500CBE228 /* PBXTargetDependency */,
				BE2D30402236FFF500CBE228 /* PBXTargetDependency */,
				BE2D30442236FFF500CBE228 /* PBXTargetDependency */,
				BE4BF707224098EE00AAE0DA /* PBXTargetDependency */,
			);
			name = EcoDatumIOSApp;
			productName = EcoDatumIOSApp;
			productReference = BE2D2FD22236F8C800CBE228 /* EcoDatumIOSApp.app */;
			productType = "com.apple.product-type.application";
		};
		BE2D2FE52236F8C900CBE228 /* EcoDatumIOSAppTests */ = {
			isa = PBXNativeTarget;
			buildConfigurationList = BE2D2FFD2236F8C900CBE228 /* Build configuration list for PBXNativeTarget "EcoDatumIOSAppTests" */;
			buildPhases = (
				BE2D2FE22236F8C900CBE228 /* Sources */,
				BE2D2FE32236F8C900CBE228 /* Frameworks */,
				BE2D2FE42236F8C900CBE228 /* Resources */,
			);
			buildRules = (
			);
			dependencies = (
				BE2D2FE82236F8C900CBE228 /* PBXTargetDependency */,
			);
			name = EcoDatumIOSAppTests;
			productName = EcoDatumIOSAppTests;
			productReference = BE2D2FE62236F8C900CBE228 /* EcoDatumIOSAppTests.xctest */;
			productType = "com.apple.product-type.bundle.unit-test";
		};
		BE2D2FF02236F8C900CBE228 /* EcoDatumIOSAppUITests */ = {
			isa = PBXNativeTarget;
			buildConfigurationList = BE2D30002236F8C900CBE228 /* Build configuration list for PBXNativeTarget "EcoDatumIOSAppUITests" */;
			buildPhases = (
				BE2D2FED2236F8C900CBE228 /* Sources */,
				BE2D2FEE2236F8C900CBE228 /* Frameworks */,
				BE2D2FEF2236F8C900CBE228 /* Resources */,
			);
			buildRules = (
			);
			dependencies = (
				BE2D2FF32236F8C900CBE228 /* PBXTargetDependency */,
			);
			name = EcoDatumIOSAppUITests;
			productName = EcoDatumIOSAppUITests;
			productReference = BE2D2FF12236F8C900CBE228 /* EcoDatumIOSAppUITests.xctest */;
			productType = "com.apple.product-type.bundle.ui-testing";
		};
/* End PBXNativeTarget section */

/* Begin PBXProject section */
		BE2D2FCA2236F8C800CBE228 /* Project object */ = {
			isa = PBXProject;
			attributes = {
				LastSwiftUpdateCheck = 1010;
				LastUpgradeCheck = 1010;
				ORGANIZATIONNAME = "Kenneth Wingerden";
				TargetAttributes = {
					BE2D2FD12236F8C800CBE228 = {
						CreatedOnToolsVersion = 10.1;
					};
					BE2D2FE52236F8C900CBE228 = {
						CreatedOnToolsVersion = 10.1;
						TestTargetID = BE2D2FD12236F8C800CBE228;
					};
					BE2D2FF02236F8C900CBE228 = {
						CreatedOnToolsVersion = 10.1;
						TestTargetID = BE2D2FD12236F8C800CBE228;
					};
				};
			};
			buildConfigurationList = BE2D2FCD2236F8C800CBE228 /* Build configuration list for PBXProject "EcoDatumIOSApp" */;
			compatibilityVersion = "Xcode 9.3";
			developmentRegion = en;
			hasScannedForEncodings = 0;
			knownRegions = (
				en,
				Base,
			);
			mainGroup = BE2D2FC92236F8C800CBE228;
			productRefGroup = BE2D2FD32236F8C800CBE228 /* Products */;
			projectDirPath = "";
			projectReferences = (
				{
					ProductGroup = BE2D30122236FFB100CBE228 /* Products */;
					ProjectRef = BE2D30112236FFB100CBE228 /* EcoDatumCommon.xcodeproj */;
				},
				{
					ProductGroup = BE2D301B2236FFBB00CBE228 /* Products */;
					ProjectRef = BE2D301A2236FFBB00CBE228 /* EcoDatumCoreData.xcodeproj */;
				},
				{
					ProductGroup = BE2D30242236FFC000CBE228 /* Products */;
					ProjectRef = BE2D30232236FFC000CBE228 /* EcoDatumModel.xcodeproj */;
				},
				{
					ProductGroup = BE4BF6F8224098AE00AAE0DA /* Products */;
					ProjectRef = BE4BF6F7224098AE00AAE0DA /* EcoDatumService.xcodeproj */;
				},
			);
			projectRoot = "";
			targets = (
				BE2D2FD12236F8C800CBE228 /* EcoDatumIOSApp */,
				BE2D2FE52236F8C900CBE228 /* EcoDatumIOSAppTests */,
				BE2D2FF02236F8C900CBE228 /* EcoDatumIOSAppUITests */,
			);
		};
/* End PBXProject section */

/* Begin PBXReferenceProxy section */
		BE2D30172236FFB100CBE228 /* EcoDatumCommon.framework */ = {
			isa = PBXReferenceProxy;
			fileType = wrapper.framework;
			path = EcoDatumCommon.framework;
			remoteRef = BE2D30162236FFB100CBE228 /* PBXContainerItemProxy */;
			sourceTree = BUILT_PRODUCTS_DIR;
		};
		BE2D30192236FFB100CBE228 /* EcoDatumCommonTests.xctest */ = {
			isa = PBXReferenceProxy;
			fileType = wrapper.cfbundle;
			path = EcoDatumCommonTests.xctest;
			remoteRef = BE2D30182236FFB100CBE228 /* PBXContainerItemProxy */;
			sourceTree = BUILT_PRODUCTS_DIR;
		};
		BE2D30202236FFBB00CBE228 /* EcoDatumCoreData.framework */ = {
			isa = PBXReferenceProxy;
			fileType = wrapper.framework;
			path = EcoDatumCoreData.framework;
			remoteRef = BE2D301F2236FFBB00CBE228 /* PBXContainerItemProxy */;
			sourceTree = BUILT_PRODUCTS_DIR;
		};
		BE2D30222236FFBB00CBE228 /* EcoDatumCoreDataTests.xctest */ = {
			isa = PBXReferenceProxy;
			fileType = wrapper.cfbundle;
			path = EcoDatumCoreDataTests.xctest;
			remoteRef = BE2D30212236FFBB00CBE228 /* PBXContainerItemProxy */;
			sourceTree = BUILT_PRODUCTS_DIR;
		};
		BE2D30292236FFC000CBE228 /* EcoDatumModel.framework */ = {
			isa = PBXReferenceProxy;
			fileType = wrapper.framework;
			path = EcoDatumModel.framework;
			remoteRef = BE2D30282236FFC000CBE228 /* PBXContainerItemProxy */;
			sourceTree = BUILT_PRODUCTS_DIR;
		};
		BE2D302B2236FFC000CBE228 /* EcoDatumModelTests.xctest */ = {
			isa = PBXReferenceProxy;
			fileType = wrapper.cfbundle;
			path = EcoDatumModelTests.xctest;
			remoteRef = BE2D302A2236FFC000CBE228 /* PBXContainerItemProxy */;
			sourceTree = BUILT_PRODUCTS_DIR;
		};
		BE4BF701224098AE00AAE0DA /* EcoDatumService.framework */ = {
			isa = PBXReferenceProxy;
			fileType = wrapper.framework;
			path = EcoDatumService.framework;
			remoteRef = BE4BF700224098AE00AAE0DA /* PBXContainerItemProxy */;
			sourceTree = BUILT_PRODUCTS_DIR;
		};
		BE4BF703224098AE00AAE0DA /* EcoDatumServiceTests.xctest */ = {
			isa = PBXReferenceProxy;
			fileType = wrapper.cfbundle;
			path = EcoDatumServiceTests.xctest;
			remoteRef = BE4BF702224098AE00AAE0DA /* PBXContainerItemProxy */;
			sourceTree = BUILT_PRODUCTS_DIR;
		};
/* End PBXReferenceProxy section */

/* Begin PBXResourcesBuildPhase section */
		BE2D2FD02236F8C800CBE228 /* Resources */ = {
			isa = PBXResourcesBuildPhase;
			buildActionMask = 2147483647;
			files = (
				BE5CF4EC223B3736003A6332 /* BorderedRoundedButton.xib in Resources */,
				BE2D305E22386ED100CBE228 /* TestSplitView.storyboard in Resources */,
				BE2D2FE02236F8C900CBE228 /* LaunchScreen.storyboard in Resources */,
				BECE1FA222512996009CE092 /* TestNotebook.storyboard in Resources */,
				BECE1FAD22513A01009CE092 /* TestNotebookHeaderView.xib in Resources */,
				BE5E954922823DD000F23174 /* CarbonSinkKeyboardView.xib in Resources */,
				BEB89305224EA30D0094A21E /* Site.storyboard in Resources */,
				BE2D305B22385CC000CBE228 /* ColorPalette.pdf in Resources */,
				BE2D2FDD2236F8C900CBE228 /* Assets.xcassets in Resources */,
				BE15987822811B5500C9978C /* uti_64.png in Resources */,
				BE3C6DED227E8C6600626E9E /* CarbonSinkMaps.xcassets in Resources */,
				BE15987522811B5500C9978C /* uti_44.png in Resources */,
				BEB18A1D2273F4D80019146C /* CarbonSinkDataView.xib in Resources */,
				BEB18A0E227292170019146C /* CarbonSink.storyboard in Resources */,
				BE15987622811B5500C9978C /* uti_320.png in Resources */,
				BEB8930C224EA9780094A21E /* SiteMasterTableViewCell.xib in Resources */,
				BEB18A26227658BC0019146C /* Main.storyboard in Resources */,
				BE15987722811B5500C9978C /* uti_20.png in Resources */,
				BEB18A192273F3740019146C /* CarbonSinkImageView.xib in Resources */,
				BE2D2FDB2236F8C800CBE228 /* Notebook.storyboard in Resources */,
				BECE1FA922513757009CE092 /* TestNotebookFooterView.xib in Resources */,
				BE2D304E2237064400CBE228 /* TestLocation.storyboard in Resources */,
				BE3C6DEB227E883B00626E9E /* CarbonSinkTrees.xcassets in Resources */,
			);
			runOnlyForDeploymentPostprocessing = 0;
		};
		BE2D2FE42236F8C900CBE228 /* Resources */ = {
			isa = PBXResourcesBuildPhase;
			buildActionMask = 2147483647;
			files = (
			);
			runOnlyForDeploymentPostprocessing = 0;
		};
		BE2D2FEF2236F8C900CBE228 /* Resources */ = {
			isa = PBXResourcesBuildPhase;
			buildActionMask = 2147483647;
			files = (
			);
			runOnlyForDeploymentPostprocessing = 0;
		};
/* End PBXResourcesBuildPhase section */

/* Begin PBXShellScriptBuildPhase section */
		BE471A27224B25BE00E041B8 /* Carthage */ = {
			isa = PBXShellScriptBuildPhase;
			buildActionMask = 2147483647;
			files = (
			);
			inputFileListPaths = (
			);
			inputPaths = (
				"$(SRCROOT)/Carthage/Build/iOS/SwiftyBeaver.framework",
			);
			name = Carthage;
			outputFileListPaths = (
			);
			outputPaths = (
				"$(BUILT_PRODUCTS_DIR)/$(FRAMEWORKS_FOLDER_PATH)/SwiftyBeaver.framework",
			);
			runOnlyForDeploymentPostprocessing = 0;
			shellPath = /bin/sh;
			shellScript = "/usr/local/bin/carthage copy-frameworks\n";
		};
/* End PBXShellScriptBuildPhase section */

/* Begin PBXSourcesBuildPhase section */
		BE2D2FCE2236F8C800CBE228 /* Sources */ = {
			isa = PBXSourcesBuildPhase;
			buildActionMask = 2147483647;
			files = (
				BE3C6DE5227D45A500626E9E /* CarbonSinkDataValue.swift in Sources */,
				BE471A29224B26E600E041B8 /* NotebookMasterController.swift in Sources */,
				BE023354227B7EBF006F3E7E /* CarbonSinkDataNavigationController.swift in Sources */,
				BE023352227B720E006F3E7E /* NotebookEntityHolder.swift in Sources */,
				BEB18A142273A4020019146C /* CarbonSinkNavigationController.swift in Sources */,
				BECE1FA622512AC2009CE092 /* TestNotebookNavigationController.swift in Sources */,
				BECE1FAB2251376E009CE092 /* TestNotebookFooterView.swift in Sources */,
				BE471A2B224B277100E041B8 /* NotebookRootViewController.swift in Sources */,
				BEB89302224D5A230094A21E /* Notifications.swift in Sources */,
				BE5E954B228296A800F23174 /* CarbonSinkKeyboardView.swift in Sources */,
				BEB89310224F0CBE0094A21E /* SitePhotoViewController.swift in Sources */,
				BECE1FAF22513A1E009CE092 /* TestNotebookHeaderView.swift in Sources */,
				BE82021F2277F85A00FB5FDC /* CarbonSinkScanCodeViewController.swift in Sources */,
				BEB8930E224EA9FC0094A21E /* SiteMasterTableViewCell.swift in Sources */,
				BE023342227A9076006F3E7E /* CarbonSinkMapViewController.swift in Sources */,
				BEB18A1B2273F4B00019146C /* CarbonSinkImageView.swift in Sources */,
				BEB18A28227659060019146C /* MainNavigationController.swift in Sources */,
				BE023356227B7ED6006F3E7E /* CarbonSinkMapNavigationController.swift in Sources */,
				BE023358227B7EE2006F3E7E /* CarbonSinkPhotosNavigationController.swift in Sources */,
				BEB892FA224C186D0094A21E /* CoreDataContextHolder.swift in Sources */,
				BE023344227A9091006F3E7E /* CarbonSinkDataViewController.swift in Sources */,
				BEB18A10227295590019146C /* CarbonSinkMainViewController.swift in Sources */,
				BEB89307224EA6EE0094A21E /* SiteMasterViewController.swift in Sources */,
				BEB18A2A227659A60019146C /* MainViewController.swift in Sources */,
				BE2D30512237087A00CBE228 /* TestLocationController.swift in Sources */,
				BECE1FA4225129CB009CE092 /* TestNotebookViewController.swift in Sources */,
				BE471A17224B1D6700E041B8 /* NotebookSplitViewController.swift in Sources */,
				BEB18A1F2273F4F70019146C /* CarbonSinkDataView.swift in Sources */,
				BE2D2FD62236F8C800CBE228 /* AppDelegate.swift in Sources */,
				BE2D305822385A5700CBE228 /* ColorPalette.swift in Sources */,
				BE5CF4EE223B3B64003A6332 /* BorderedRoundedButton.swift in Sources */,
				BEB18A12227295B30019146C /* CarbonSinkCellView.swift in Sources */,
				BEB89309224EA8510094A21E /* SiteMasterNavigationController.swift in Sources */,
				BE023350227B719F006F3E7E /* SiteEntitiesHolder.swift in Sources */,
				BE023340227A9060006F3E7E /* CarbonSinkPhotosViewController.swift in Sources */,
				BEB18A232273F61B0019146C /* CarbonSinkTableCellModel.swift in Sources */,
				BE8202212277FB6100FB5FDC /* CarbonSinkDetailTabBarController.swift in Sources */,
				BE02334E227B714E006F3E7E /* SiteEntityHolder.swift in Sources */,
			);
			runOnlyForDeploymentPostprocessing = 0;
		};
		BE2D2FE22236F8C900CBE228 /* Sources */ = {
			isa = PBXSourcesBuildPhase;
			buildActionMask = 2147483647;
			files = (
				BE2D2FEB2236F8C900CBE228 /* EcoDatumIOSAppTests.swift in Sources */,
			);
			runOnlyForDeploymentPostprocessing = 0;
		};
		BE2D2FED2236F8C900CBE228 /* Sources */ = {
			isa = PBXSourcesBuildPhase;
			buildActionMask = 2147483647;
			files = (
				BE2D2FF62236F8C900CBE228 /* EcoDatumIOSAppUITests.swift in Sources */,
			);
			runOnlyForDeploymentPostprocessing = 0;
		};
/* End PBXSourcesBuildPhase section */

/* Begin PBXTargetDependency section */
		BE2D2FE82236F8C900CBE228 /* PBXTargetDependency */ = {
			isa = PBXTargetDependency;
			target = BE2D2FD12236F8C800CBE228 /* EcoDatumIOSApp */;
			targetProxy = BE2D2FE72236F8C900CBE228 /* PBXContainerItemProxy */;
		};
		BE2D2FF32236F8C900CBE228 /* PBXTargetDependency */ = {
			isa = PBXTargetDependency;
			target = BE2D2FD12236F8C800CBE228 /* EcoDatumIOSApp */;
			targetProxy = BE2D2FF22236F8C900CBE228 /* PBXContainerItemProxy */;
		};
		BE2D303C2236FFF500CBE228 /* PBXTargetDependency */ = {
			isa = PBXTargetDependency;
			name = EcoDatumModel;
			targetProxy = BE2D303B2236FFF500CBE228 /* PBXContainerItemProxy */;
		};
		BE2D30402236FFF500CBE228 /* PBXTargetDependency */ = {
			isa = PBXTargetDependency;
			name = EcoDatumCoreData;
			targetProxy = BE2D303F2236FFF500CBE228 /* PBXContainerItemProxy */;
		};
		BE2D30442236FFF500CBE228 /* PBXTargetDependency */ = {
			isa = PBXTargetDependency;
			name = EcoDatumCommon;
			targetProxy = BE2D30432236FFF500CBE228 /* PBXContainerItemProxy */;
		};
		BE4BF707224098EE00AAE0DA /* PBXTargetDependency */ = {
			isa = PBXTargetDependency;
			name = EcoDatumService;
			targetProxy = BE4BF706224098EE00AAE0DA /* PBXContainerItemProxy */;
		};
/* End PBXTargetDependency section */

/* Begin PBXVariantGroup section */
		BE2D2FD92236F8C800CBE228 /* Notebook.storyboard */ = {
			isa = PBXVariantGroup;
			children = (
				BE2D2FDA2236F8C800CBE228 /* Base */,
			);
			name = Notebook.storyboard;
			sourceTree = "<group>";
		};
		BE2D2FDE2236F8C900CBE228 /* LaunchScreen.storyboard */ = {
			isa = PBXVariantGroup;
			children = (
				BE2D2FDF2236F8C900CBE228 /* Base */,
			);
			name = LaunchScreen.storyboard;
			sourceTree = "<group>";
		};
/* End PBXVariantGroup section */

/* Begin XCBuildConfiguration section */
		BE2D2FF82236F8C900CBE228 /* Debug */ = {
			isa = XCBuildConfiguration;
			buildSettings = {
				ALWAYS_SEARCH_USER_PATHS = NO;
				CLANG_ANALYZER_NONNULL = YES;
				CLANG_ANALYZER_NUMBER_OBJECT_CONVERSION = YES_AGGRESSIVE;
				CLANG_CXX_LANGUAGE_STANDARD = "gnu++14";
				CLANG_CXX_LIBRARY = "libc++";
				CLANG_ENABLE_MODULES = YES;
				CLANG_ENABLE_OBJC_ARC = YES;
				CLANG_ENABLE_OBJC_WEAK = YES;
				CLANG_WARN_BLOCK_CAPTURE_AUTORELEASING = YES;
				CLANG_WARN_BOOL_CONVERSION = YES;
				CLANG_WARN_COMMA = YES;
				CLANG_WARN_CONSTANT_CONVERSION = YES;
				CLANG_WARN_DEPRECATED_OBJC_IMPLEMENTATIONS = YES;
				CLANG_WARN_DIRECT_OBJC_ISA_USAGE = YES_ERROR;
				CLANG_WARN_DOCUMENTATION_COMMENTS = YES;
				CLANG_WARN_EMPTY_BODY = YES;
				CLANG_WARN_ENUM_CONVERSION = YES;
				CLANG_WARN_INFINITE_RECURSION = YES;
				CLANG_WARN_INT_CONVERSION = YES;
				CLANG_WARN_NON_LITERAL_NULL_CONVERSION = YES;
				CLANG_WARN_OBJC_IMPLICIT_RETAIN_SELF = YES;
				CLANG_WARN_OBJC_LITERAL_CONVERSION = YES;
				CLANG_WARN_OBJC_ROOT_CLASS = YES_ERROR;
				CLANG_WARN_RANGE_LOOP_ANALYSIS = YES;
				CLANG_WARN_STRICT_PROTOTYPES = YES;
				CLANG_WARN_SUSPICIOUS_MOVE = YES;
				CLANG_WARN_UNGUARDED_AVAILABILITY = YES_AGGRESSIVE;
				CLANG_WARN_UNREACHABLE_CODE = YES;
				CLANG_WARN__DUPLICATE_METHOD_MATCH = YES;
				CODE_SIGN_IDENTITY = "iPhone Developer";
				COPY_PHASE_STRIP = NO;
				DEBUG_INFORMATION_FORMAT = dwarf;
				ENABLE_STRICT_OBJC_MSGSEND = YES;
				ENABLE_TESTABILITY = YES;
				GCC_C_LANGUAGE_STANDARD = gnu11;
				GCC_DYNAMIC_NO_PIC = NO;
				GCC_NO_COMMON_BLOCKS = YES;
				GCC_OPTIMIZATION_LEVEL = 0;
				GCC_PREPROCESSOR_DEFINITIONS = (
					"DEBUG=1",
					"$(inherited)",
				);
				GCC_WARN_64_TO_32_BIT_CONVERSION = YES;
				GCC_WARN_ABOUT_RETURN_TYPE = YES_ERROR;
				GCC_WARN_UNDECLARED_SELECTOR = YES;
				GCC_WARN_UNINITIALIZED_AUTOS = YES_AGGRESSIVE;
				GCC_WARN_UNUSED_FUNCTION = YES;
				GCC_WARN_UNUSED_VARIABLE = YES;
				IPHONEOS_DEPLOYMENT_TARGET = 12.1;
				MTL_ENABLE_DEBUG_INFO = INCLUDE_SOURCE;
				MTL_FAST_MATH = YES;
				ONLY_ACTIVE_ARCH = YES;
				SDKROOT = iphoneos;
				SWIFT_ACTIVE_COMPILATION_CONDITIONS = DEBUG;
				SWIFT_OPTIMIZATION_LEVEL = "-Onone";
			};
			name = Debug;
		};
		BE2D2FF92236F8C900CBE228 /* Release */ = {
			isa = XCBuildConfiguration;
			buildSettings = {
				ALWAYS_SEARCH_USER_PATHS = NO;
				CLANG_ANALYZER_NONNULL = YES;
				CLANG_ANALYZER_NUMBER_OBJECT_CONVERSION = YES_AGGRESSIVE;
				CLANG_CXX_LANGUAGE_STANDARD = "gnu++14";
				CLANG_CXX_LIBRARY = "libc++";
				CLANG_ENABLE_MODULES = YES;
				CLANG_ENABLE_OBJC_ARC = YES;
				CLANG_ENABLE_OBJC_WEAK = YES;
				CLANG_WARN_BLOCK_CAPTURE_AUTORELEASING = YES;
				CLANG_WARN_BOOL_CONVERSION = YES;
				CLANG_WARN_COMMA = YES;
				CLANG_WARN_CONSTANT_CONVERSION = YES;
				CLANG_WARN_DEPRECATED_OBJC_IMPLEMENTATIONS = YES;
				CLANG_WARN_DIRECT_OBJC_ISA_USAGE = YES_ERROR;
				CLANG_WARN_DOCUMENTATION_COMMENTS = YES;
				CLANG_WARN_EMPTY_BODY = YES;
				CLANG_WARN_ENUM_CONVERSION = YES;
				CLANG_WARN_INFINITE_RECURSION = YES;
				CLANG_WARN_INT_CONVERSION = YES;
				CLANG_WARN_NON_LITERAL_NULL_CONVERSION = YES;
				CLANG_WARN_OBJC_IMPLICIT_RETAIN_SELF = YES;
				CLANG_WARN_OBJC_LITERAL_CONVERSION = YES;
				CLANG_WARN_OBJC_ROOT_CLASS = YES_ERROR;
				CLANG_WARN_RANGE_LOOP_ANALYSIS = YES;
				CLANG_WARN_STRICT_PROTOTYPES = YES;
				CLANG_WARN_SUSPICIOUS_MOVE = YES;
				CLANG_WARN_UNGUARDED_AVAILABILITY = YES_AGGRESSIVE;
				CLANG_WARN_UNREACHABLE_CODE = YES;
				CLANG_WARN__DUPLICATE_METHOD_MATCH = YES;
				CODE_SIGN_IDENTITY = "iPhone Developer";
				COPY_PHASE_STRIP = NO;
				DEBUG_INFORMATION_FORMAT = "dwarf-with-dsym";
				ENABLE_NS_ASSERTIONS = NO;
				ENABLE_STRICT_OBJC_MSGSEND = YES;
				GCC_C_LANGUAGE_STANDARD = gnu11;
				GCC_NO_COMMON_BLOCKS = YES;
				GCC_WARN_64_TO_32_BIT_CONVERSION = YES;
				GCC_WARN_ABOUT_RETURN_TYPE = YES_ERROR;
				GCC_WARN_UNDECLARED_SELECTOR = YES;
				GCC_WARN_UNINITIALIZED_AUTOS = YES_AGGRESSIVE;
				GCC_WARN_UNUSED_FUNCTION = YES;
				GCC_WARN_UNUSED_VARIABLE = YES;
				IPHONEOS_DEPLOYMENT_TARGET = 12.1;
				MTL_ENABLE_DEBUG_INFO = NO;
				MTL_FAST_MATH = YES;
				SDKROOT = iphoneos;
				SWIFT_COMPILATION_MODE = wholemodule;
				SWIFT_OPTIMIZATION_LEVEL = "-O";
				VALIDATE_PRODUCT = YES;
			};
			name = Release;
		};
		BE2D2FFB2236F8C900CBE228 /* Debug */ = {
			isa = XCBuildConfiguration;
			buildSettings = {
				ALWAYS_EMBED_SWIFT_STANDARD_LIBRARIES = YES;
				ASSETCATALOG_COMPILER_APPICON_NAME = AppIcon;
				CODE_SIGN_STYLE = Automatic;
				DEVELOPMENT_TEAM = 2T69Q77ERZ;
				FRAMEWORK_SEARCH_PATHS = (
					"$(inherited)",
					"$(PROJECT_DIR)/Carthage/Build/iOS",
				);
				INFOPLIST_FILE = EcoDatumIOSApp/Info.plist;
				LD_RUNPATH_SEARCH_PATHS = (
					"$(inherited)",
					"@executable_path/Frameworks",
				);
				PRODUCT_BUNDLE_IDENTIFIER = org.ecodatum.EcoDatumApp;
				PRODUCT_NAME = "$(TARGET_NAME)";
				SWIFT_VERSION = 4.2;
				TARGETED_DEVICE_FAMILY = "1,2";
			};
			name = Debug;
		};
		BE2D2FFC2236F8C900CBE228 /* Release */ = {
			isa = XCBuildConfiguration;
			buildSettings = {
				ALWAYS_EMBED_SWIFT_STANDARD_LIBRARIES = YES;
				ASSETCATALOG_COMPILER_APPICON_NAME = AppIcon;
				CODE_SIGN_STYLE = Automatic;
				DEVELOPMENT_TEAM = 2T69Q77ERZ;
				FRAMEWORK_SEARCH_PATHS = (
					"$(inherited)",
					"$(PROJECT_DIR)/Carthage/Build/iOS",
				);
				INFOPLIST_FILE = EcoDatumIOSApp/Info.plist;
				LD_RUNPATH_SEARCH_PATHS = (
					"$(inherited)",
					"@executable_path/Frameworks",
				);
				PRODUCT_BUNDLE_IDENTIFIER = org.ecodatum.EcoDatumApp;
				PRODUCT_NAME = "$(TARGET_NAME)";
				SWIFT_VERSION = 4.2;
				TARGETED_DEVICE_FAMILY = "1,2";
			};
			name = Release;
		};
		BE2D2FFE2236F8C900CBE228 /* Debug */ = {
			isa = XCBuildConfiguration;
			buildSettings = {
				ALWAYS_EMBED_SWIFT_STANDARD_LIBRARIES = YES;
				BUNDLE_LOADER = "$(TEST_HOST)";
				CODE_SIGN_STYLE = Automatic;
				DEVELOPMENT_TEAM = 9424XMB56D;
				INFOPLIST_FILE = EcoDatumIOSAppTests/Info.plist;
				LD_RUNPATH_SEARCH_PATHS = (
					"$(inherited)",
					"@executable_path/Frameworks",
					"@loader_path/Frameworks",
				);
				PRODUCT_BUNDLE_IDENTIFIER = org.ecodatum.EcoDatumIOSAppTests;
				PRODUCT_NAME = "$(TARGET_NAME)";
				SWIFT_VERSION = 4.2;
				TARGETED_DEVICE_FAMILY = "1,2";
				TEST_HOST = "$(BUILT_PRODUCTS_DIR)/EcoDatumIOSApp.app/EcoDatumIOSApp";
			};
			name = Debug;
		};
		BE2D2FFF2236F8C900CBE228 /* Release */ = {
			isa = XCBuildConfiguration;
			buildSettings = {
				ALWAYS_EMBED_SWIFT_STANDARD_LIBRARIES = YES;
				BUNDLE_LOADER = "$(TEST_HOST)";
				CODE_SIGN_STYLE = Automatic;
				DEVELOPMENT_TEAM = 9424XMB56D;
				INFOPLIST_FILE = EcoDatumIOSAppTests/Info.plist;
				LD_RUNPATH_SEARCH_PATHS = (
					"$(inherited)",
					"@executable_path/Frameworks",
					"@loader_path/Frameworks",
				);
				PRODUCT_BUNDLE_IDENTIFIER = org.ecodatum.EcoDatumIOSAppTests;
				PRODUCT_NAME = "$(TARGET_NAME)";
				SWIFT_VERSION = 4.2;
				TARGETED_DEVICE_FAMILY = "1,2";
				TEST_HOST = "$(BUILT_PRODUCTS_DIR)/EcoDatumIOSApp.app/EcoDatumIOSApp";
			};
			name = Release;
		};
		BE2D30012236F8C900CBE228 /* Debug */ = {
			isa = XCBuildConfiguration;
			buildSettings = {
				ALWAYS_EMBED_SWIFT_STANDARD_LIBRARIES = YES;
				CODE_SIGN_STYLE = Automatic;
				DEVELOPMENT_TEAM = 9424XMB56D;
				INFOPLIST_FILE = EcoDatumIOSAppUITests/Info.plist;
				LD_RUNPATH_SEARCH_PATHS = (
					"$(inherited)",
					"@executable_path/Frameworks",
					"@loader_path/Frameworks",
				);
				PRODUCT_BUNDLE_IDENTIFIER = org.ecodatum.EcoDatumIOSAppUITests;
				PRODUCT_NAME = "$(TARGET_NAME)";
				SWIFT_VERSION = 4.2;
				TARGETED_DEVICE_FAMILY = "1,2";
				TEST_TARGET_NAME = EcoDatumIOSApp;
			};
			name = Debug;
		};
		BE2D30022236F8C900CBE228 /* Release */ = {
			isa = XCBuildConfiguration;
			buildSettings = {
				ALWAYS_EMBED_SWIFT_STANDARD_LIBRARIES = YES;
				CODE_SIGN_STYLE = Automatic;
				DEVELOPMENT_TEAM = 9424XMB56D;
				INFOPLIST_FILE = EcoDatumIOSAppUITests/Info.plist;
				LD_RUNPATH_SEARCH_PATHS = (
					"$(inherited)",
					"@executable_path/Frameworks",
					"@loader_path/Frameworks",
				);
				PRODUCT_BUNDLE_IDENTIFIER = org.ecodatum.EcoDatumIOSAppUITests;
				PRODUCT_NAME = "$(TARGET_NAME)";
				SWIFT_VERSION = 4.2;
				TARGETED_DEVICE_FAMILY = "1,2";
				TEST_TARGET_NAME = EcoDatumIOSApp;
			};
			name = Release;
		};
/* End XCBuildConfiguration section */

/* Begin XCConfigurationList section */
		BE2D2FCD2236F8C800CBE228 /* Build configuration list for PBXProject "EcoDatumIOSApp" */ = {
			isa = XCConfigurationList;
			buildConfigurations = (
				BE2D2FF82236F8C900CBE228 /* Debug */,
				BE2D2FF92236F8C900CBE228 /* Release */,
			);
			defaultConfigurationIsVisible = 0;
			defaultConfigurationName = Release;
		};
		BE2D2FFA2236F8C900CBE228 /* Build configuration list for PBXNativeTarget "EcoDatumIOSApp" */ = {
			isa = XCConfigurationList;
			buildConfigurations = (
				BE2D2FFB2236F8C900CBE228 /* Debug */,
				BE2D2FFC2236F8C900CBE228 /* Release */,
			);
			defaultConfigurationIsVisible = 0;
			defaultConfigurationName = Release;
		};
		BE2D2FFD2236F8C900CBE228 /* Build configuration list for PBXNativeTarget "EcoDatumIOSAppTests" */ = {
			isa = XCConfigurationList;
			buildConfigurations = (
				BE2D2FFE2236F8C900CBE228 /* Debug */,
				BE2D2FFF2236F8C900CBE228 /* Release */,
			);
			defaultConfigurationIsVisible = 0;
			defaultConfigurationName = Release;
		};
		BE2D30002236F8C900CBE228 /* Build configuration list for PBXNativeTarget "EcoDatumIOSAppUITests" */ = {
			isa = XCConfigurationList;
			buildConfigurations = (
				BE2D30012236F8C900CBE228 /* Debug */,
				BE2D30022236F8C900CBE228 /* Release */,
			);
			defaultConfigurationIsVisible = 0;
			defaultConfigurationName = Release;
		};
/* End XCConfigurationList section */
	};
	rootObject = BE2D2FCA2236F8C800CBE228 /* Project object */;
}
